// !$*UTF8*$!
{
	archiveVersion = 1;
	classes = {
	};
	objectVersion = 55;
	objects = {

/* Begin PBXBuildFile section */
		B100B07A27A1315C0040A9A7 /* NewMockDataService.swift in Sources */ = {isa = PBXBuildFile; fileRef = B100B07927A1315C0040A9A7 /* NewMockDataService.swift */; };
		B100B07C27A131A90040A9A7 /* NewMockDataService_Tests.swift in Sources */ = {isa = PBXBuildFile; fileRef = B100B07B27A131A90040A9A7 /* NewMockDataService_Tests.swift */; };
		B100B07E27A13E740040A9A7 /* UITestingBootcampView.swift in Sources */ = {isa = PBXBuildFile; fileRef = B100B07D27A13E740040A9A7 /* UITestingBootcampView.swift */; };
		B1098B89275F376100E311AE /* ZZTabView.swift in Sources */ = {isa = PBXBuildFile; fileRef = B1098B88275F376100E311AE /* ZZTabView.swift */; };
		B1098B8B275F39EF00E311AE /* ZZTabBarItemsPreferenceKey.swift in Sources */ = {isa = PBXBuildFile; fileRef = B1098B8A275F39EF00E311AE /* ZZTabBarItemsPreferenceKey.swift */; };
		B126547E27621CE600E07D26 /* CustomNavBarView.swift in Sources */ = {isa = PBXBuildFile; fileRef = B126547D27621CE600E07D26 /* CustomNavBarView.swift */; };
		B1265482276225DC00E07D26 /* CustomNavView.swift in Sources */ = {isa = PBXBuildFile; fileRef = B1265481276225DC00E07D26 /* CustomNavView.swift */; };
		B1265484276226F100E07D26 /* CustomNavBarContainerView.swift in Sources */ = {isa = PBXBuildFile; fileRef = B1265483276226F100E07D26 /* CustomNavBarContainerView.swift */; };
		B12654862762290200E07D26 /* CustomNavLink.swift in Sources */ = {isa = PBXBuildFile; fileRef = B12654852762290200E07D26 /* CustomNavLink.swift */; };
		B126548827622BAB00E07D26 /* CustomNavBarPreferenceKey.swift in Sources */ = {isa = PBXBuildFile; fileRef = B126548727622BAB00E07D26 /* CustomNavBarPreferenceKey.swift */; };
		B166C44A2758ED4800C8B771 /* CustomShapesBootcamp.swift in Sources */ = {isa = PBXBuildFile; fileRef = B166C4492758ED4800C8B771 /* CustomShapesBootcamp.swift */; };
		B166C44C2758F61300C8B771 /* CustomCurvesBootcamp.swift in Sources */ = {isa = PBXBuildFile; fileRef = B166C44B2758F61300C8B771 /* CustomCurvesBootcamp.swift */; };
		B166C44E275A3F2E00C8B771 /* AnimatableDataBootcamp.swift in Sources */ = {isa = PBXBuildFile; fileRef = B166C44D275A3F2E00C8B771 /* AnimatableDataBootcamp.swift */; };
		B166C450275A4F0000C8B771 /* ViewBuilderBootcamp.swift in Sources */ = {isa = PBXBuildFile; fileRef = B166C44F275A4F0000C8B771 /* ViewBuilderBootcamp.swift */; };
		B1A578B42754C9E200942395 /* SwiftfulThinkingAdvanceApp.swift in Sources */ = {isa = PBXBuildFile; fileRef = B1A578B32754C9E200942395 /* SwiftfulThinkingAdvanceApp.swift */; };
		B1A578B82754C9E300942395 /* Assets.xcassets in Resources */ = {isa = PBXBuildFile; fileRef = B1A578B72754C9E300942395 /* Assets.xcassets */; };
		B1A578BB2754C9E300942395 /* Preview Assets.xcassets in Resources */ = {isa = PBXBuildFile; fileRef = B1A578BA2754C9E300942395 /* Preview Assets.xcassets */; };
		B1A578C52754C9E300942395 /* SwiftfulThinkingAdvanceTests.swift in Sources */ = {isa = PBXBuildFile; fileRef = B1A578C42754C9E300942395 /* SwiftfulThinkingAdvanceTests.swift */; };
		B1A578CF2754C9E300942395 /* SwiftfulThinkingAdvanceUITests.swift in Sources */ = {isa = PBXBuildFile; fileRef = B1A578CE2754C9E300942395 /* SwiftfulThinkingAdvanceUITests.swift */; };
		B1A578D12754C9E300942395 /* SwiftfulThinkingAdvanceUITestsLaunchTests.swift in Sources */ = {isa = PBXBuildFile; fileRef = B1A578D02754C9E300942395 /* SwiftfulThinkingAdvanceUITestsLaunchTests.swift */; };
		B1AFA6F527621B480065444C /* AppNavBarView.swift in Sources */ = {isa = PBXBuildFile; fileRef = B1AFA6F427621B480065444C /* AppNavBarView.swift */; };
		B1BCDD09277B2CF6002E5F4F /* UIViewControllerRepresentableBootcamp.swift in Sources */ = {isa = PBXBuildFile; fileRef = B1BCDD08277B2CF6002E5F4F /* UIViewControllerRepresentableBootcamp.swift */; };
		B1BCDD0B277B3BC4002E5F4F /* ProtocolsBootcamp.swift in Sources */ = {isa = PBXBuildFile; fileRef = B1BCDD0A277B3BC4002E5F4F /* ProtocolsBootcamp.swift */; };
		B1BCDD0D277B47AD002E5F4F /* DependencyInjectionBootcamp.swift in Sources */ = {isa = PBXBuildFile; fileRef = B1BCDD0C277B47AD002E5F4F /* DependencyInjectionBootcamp.swift */; };
		B1C8834B27B0EC7B00097C20 /* UITestingBootcampView_UITests.swift in Sources */ = {isa = PBXBuildFile; fileRef = B1C8834A27B0EC7B00097C20 /* UITestingBootcampView_UITests.swift */; };
		B1CA624C275DE2AF00820867 /* PreferenceKeyBootcamp.swift in Sources */ = {isa = PBXBuildFile; fileRef = B1CA624B275DE2AF00820867 /* PreferenceKeyBootcamp.swift */; };
		B1CA624E275DEA5600820867 /* GeometryPreferenceKeyBootcamp.swift in Sources */ = {isa = PBXBuildFile; fileRef = B1CA624D275DEA5600820867 /* GeometryPreferenceKeyBootcamp.swift */; };
		B1CA6251275DF13700820867 /* ScrollViewOffsetPreferenceKeyBootcamp.swift in Sources */ = {isa = PBXBuildFile; fileRef = B1CA6250275DF13700820867 /* ScrollViewOffsetPreferenceKeyBootcamp.swift */; };
		B1CA6253275E2A7100820867 /* AppTabbarView.swift in Sources */ = {isa = PBXBuildFile; fileRef = B1CA6252275E2A7100820867 /* AppTabbarView.swift */; };
		B1CA6255275E2DAA00820867 /* CustomTabbarView.swift in Sources */ = {isa = PBXBuildFile; fileRef = B1CA6254275E2DAA00820867 /* CustomTabbarView.swift */; };
		B1CA6257275E364500820867 /* CustomTabbarContainerView.swift in Sources */ = {isa = PBXBuildFile; fileRef = B1CA6256275E364500820867 /* CustomTabbarContainerView.swift */; };
		B1CA6259275E3DD600820867 /* TabbarItemsPreferenceKey.swift in Sources */ = {isa = PBXBuildFile; fileRef = B1CA6258275E3DD600820867 /* TabbarItemsPreferenceKey.swift */; };
		B1CA625B275E425400820867 /* TabBarItem.swift in Sources */ = {isa = PBXBuildFile; fileRef = B1CA625A275E425400820867 /* TabBarItem.swift */; };
		B1CA625F275F30CF00820867 /* ZZTabBar.swift in Sources */ = {isa = PBXBuildFile; fileRef = B1CA625E275F30CF00820867 /* ZZTabBar.swift */; };
		B1CA6261275F31B400820867 /* ZZTabBarItem.swift in Sources */ = {isa = PBXBuildFile; fileRef = B1CA6260275F31B400820867 /* ZZTabBarItem.swift */; };
		B1EB65B6279EA394007B0A8B /* UnitTestingBootcampView.swift in Sources */ = {isa = PBXBuildFile; fileRef = B1EB65B5279EA394007B0A8B /* UnitTestingBootcampView.swift */; };
		B1EB65B8279EA3AD007B0A8B /* UnitTestingBootcampViewModel.swift in Sources */ = {isa = PBXBuildFile; fileRef = B1EB65B7279EA3AD007B0A8B /* UnitTestingBootcampViewModel.swift */; };
		B1EB65BA279EA768007B0A8B /* UnitTestingBootcampViewModel_Tests.swift in Sources */ = {isa = PBXBuildFile; fileRef = B1EB65B9279EA768007B0A8B /* UnitTestingBootcampViewModel_Tests.swift */; };
		B1EBAF562764A18700621BC5 /* UIViewRepresentableBootcamp.swift in Sources */ = {isa = PBXBuildFile; fileRef = B1EBAF552764A18700621BC5 /* UIViewRepresentableBootcamp.swift */; };
		B1F43B0C2754FE0700166360 /* ViewModifierBootcamp.swift in Sources */ = {isa = PBXBuildFile; fileRef = B1F43B0B2754FE0700166360 /* ViewModifierBootcamp.swift */; };
		B1F43B0E2755057D00166360 /* ButtonStyleBootcamp.swift in Sources */ = {isa = PBXBuildFile; fileRef = B1F43B0D2755057D00166360 /* ButtonStyleBootcamp.swift */; };
		B1F43B102756133C00166360 /* AnyTransitionBootcamp.swift in Sources */ = {isa = PBXBuildFile; fileRef = B1F43B0F2756133C00166360 /* AnyTransitionBootcamp.swift */; };
		B1F43B122757908700166360 /* MatchedGeometryEffectBootcamp.swift in Sources */ = {isa = PBXBuildFile; fileRef = B1F43B112757908700166360 /* MatchedGeometryEffectBootcamp.swift */; };
/* End PBXBuildFile section */

/* Begin PBXContainerItemProxy section */
		B1A578C12754C9E300942395 /* PBXContainerItemProxy */ = {
			isa = PBXContainerItemProxy;
			containerPortal = B1A578A82754C9E200942395 /* Project object */;
			proxyType = 1;
			remoteGlobalIDString = B1A578AF2754C9E200942395;
			remoteInfo = SwiftfulThinkingAdvance;
		};
		B1A578CB2754C9E300942395 /* PBXContainerItemProxy */ = {
			isa = PBXContainerItemProxy;
			containerPortal = B1A578A82754C9E200942395 /* Project object */;
			proxyType = 1;
			remoteGlobalIDString = B1A578AF2754C9E200942395;
			remoteInfo = SwiftfulThinkingAdvance;
		};
/* End PBXContainerItemProxy section */

/* Begin PBXFileReference section */
		B100B07927A1315C0040A9A7 /* NewMockDataService.swift */ = {isa = PBXFileReference; lastKnownFileType = sourcecode.swift; path = NewMockDataService.swift; sourceTree = "<group>"; };
		B100B07B27A131A90040A9A7 /* NewMockDataService_Tests.swift */ = {isa = PBXFileReference; lastKnownFileType = sourcecode.swift; path = NewMockDataService_Tests.swift; sourceTree = "<group>"; };
		B100B07D27A13E740040A9A7 /* UITestingBootcampView.swift */ = {isa = PBXFileReference; lastKnownFileType = sourcecode.swift; path = UITestingBootcampView.swift; sourceTree = "<group>"; };
		B1098B88275F376100E311AE /* ZZTabView.swift */ = {isa = PBXFileReference; lastKnownFileType = sourcecode.swift; path = ZZTabView.swift; sourceTree = "<group>"; };
		B1098B8A275F39EF00E311AE /* ZZTabBarItemsPreferenceKey.swift */ = {isa = PBXFileReference; lastKnownFileType = sourcecode.swift; path = ZZTabBarItemsPreferenceKey.swift; sourceTree = "<group>"; };
		B126547D27621CE600E07D26 /* CustomNavBarView.swift */ = {isa = PBXFileReference; lastKnownFileType = sourcecode.swift; path = CustomNavBarView.swift; sourceTree = "<group>"; };
		B1265481276225DC00E07D26 /* CustomNavView.swift */ = {isa = PBXFileReference; lastKnownFileType = sourcecode.swift; path = CustomNavView.swift; sourceTree = "<group>"; };
		B1265483276226F100E07D26 /* CustomNavBarContainerView.swift */ = {isa = PBXFileReference; lastKnownFileType = sourcecode.swift; path = CustomNavBarContainerView.swift; sourceTree = "<group>"; };
		B12654852762290200E07D26 /* CustomNavLink.swift */ = {isa = PBXFileReference; lastKnownFileType = sourcecode.swift; path = CustomNavLink.swift; sourceTree = "<group>"; };
		B126548727622BAB00E07D26 /* CustomNavBarPreferenceKey.swift */ = {isa = PBXFileReference; lastKnownFileType = sourcecode.swift; path = CustomNavBarPreferenceKey.swift; sourceTree = "<group>"; };
		B166C4492758ED4800C8B771 /* CustomShapesBootcamp.swift */ = {isa = PBXFileReference; lastKnownFileType = sourcecode.swift; path = CustomShapesBootcamp.swift; sourceTree = "<group>"; };
		B166C44B2758F61300C8B771 /* CustomCurvesBootcamp.swift */ = {isa = PBXFileReference; lastKnownFileType = sourcecode.swift; path = CustomCurvesBootcamp.swift; sourceTree = "<group>"; };
		B166C44D275A3F2E00C8B771 /* AnimatableDataBootcamp.swift */ = {isa = PBXFileReference; lastKnownFileType = sourcecode.swift; path = AnimatableDataBootcamp.swift; sourceTree = "<group>"; };
		B166C44F275A4F0000C8B771 /* ViewBuilderBootcamp.swift */ = {isa = PBXFileReference; lastKnownFileType = sourcecode.swift; path = ViewBuilderBootcamp.swift; sourceTree = "<group>"; };
		B1A578B02754C9E200942395 /* SwiftfulThinkingAdvance.app */ = {isa = PBXFileReference; explicitFileType = wrapper.application; includeInIndex = 0; path = SwiftfulThinkingAdvance.app; sourceTree = BUILT_PRODUCTS_DIR; };
		B1A578B32754C9E200942395 /* SwiftfulThinkingAdvanceApp.swift */ = {isa = PBXFileReference; lastKnownFileType = sourcecode.swift; path = SwiftfulThinkingAdvanceApp.swift; sourceTree = "<group>"; };
		B1A578B72754C9E300942395 /* Assets.xcassets */ = {isa = PBXFileReference; lastKnownFileType = folder.assetcatalog; path = Assets.xcassets; sourceTree = "<group>"; };
		B1A578BA2754C9E300942395 /* Preview Assets.xcassets */ = {isa = PBXFileReference; lastKnownFileType = folder.assetcatalog; path = "Preview Assets.xcassets"; sourceTree = "<group>"; };
		B1A578C02754C9E300942395 /* SwiftfulThinkingAdvanceTests.xctest */ = {isa = PBXFileReference; explicitFileType = wrapper.cfbundle; includeInIndex = 0; path = SwiftfulThinkingAdvanceTests.xctest; sourceTree = BUILT_PRODUCTS_DIR; };
		B1A578C42754C9E300942395 /* SwiftfulThinkingAdvanceTests.swift */ = {isa = PBXFileReference; lastKnownFileType = sourcecode.swift; path = SwiftfulThinkingAdvanceTests.swift; sourceTree = "<group>"; };
		B1A578CA2754C9E300942395 /* SwiftfulThinkingAdvanceUITests.xctest */ = {isa = PBXFileReference; explicitFileType = wrapper.cfbundle; includeInIndex = 0; path = SwiftfulThinkingAdvanceUITests.xctest; sourceTree = BUILT_PRODUCTS_DIR; };
		B1A578CE2754C9E300942395 /* SwiftfulThinkingAdvanceUITests.swift */ = {isa = PBXFileReference; lastKnownFileType = sourcecode.swift; path = SwiftfulThinkingAdvanceUITests.swift; sourceTree = "<group>"; };
		B1A578D02754C9E300942395 /* SwiftfulThinkingAdvanceUITestsLaunchTests.swift */ = {isa = PBXFileReference; lastKnownFileType = sourcecode.swift; path = SwiftfulThinkingAdvanceUITestsLaunchTests.swift; sourceTree = "<group>"; };
		B1AFA6F427621B480065444C /* AppNavBarView.swift */ = {isa = PBXFileReference; lastKnownFileType = sourcecode.swift; path = AppNavBarView.swift; sourceTree = "<group>"; };
		B1BCDD08277B2CF6002E5F4F /* UIViewControllerRepresentableBootcamp.swift */ = {isa = PBXFileReference; lastKnownFileType = sourcecode.swift; path = UIViewControllerRepresentableBootcamp.swift; sourceTree = "<group>"; };
		B1BCDD0A277B3BC4002E5F4F /* ProtocolsBootcamp.swift */ = {isa = PBXFileReference; lastKnownFileType = sourcecode.swift; path = ProtocolsBootcamp.swift; sourceTree = "<group>"; };
		B1BCDD0C277B47AD002E5F4F /* DependencyInjectionBootcamp.swift */ = {isa = PBXFileReference; lastKnownFileType = sourcecode.swift; path = DependencyInjectionBootcamp.swift; sourceTree = "<group>"; };
		B1C8834A27B0EC7B00097C20 /* UITestingBootcampView_UITests.swift */ = {isa = PBXFileReference; lastKnownFileType = sourcecode.swift; path = UITestingBootcampView_UITests.swift; sourceTree = "<group>"; };
		B1CA624B275DE2AF00820867 /* PreferenceKeyBootcamp.swift */ = {isa = PBXFileReference; lastKnownFileType = sourcecode.swift; path = PreferenceKeyBootcamp.swift; sourceTree = "<group>"; };
		B1CA624D275DEA5600820867 /* GeometryPreferenceKeyBootcamp.swift */ = {isa = PBXFileReference; lastKnownFileType = sourcecode.swift; path = GeometryPreferenceKeyBootcamp.swift; sourceTree = "<group>"; };
		B1CA6250275DF13700820867 /* ScrollViewOffsetPreferenceKeyBootcamp.swift */ = {isa = PBXFileReference; lastKnownFileType = sourcecode.swift; path = ScrollViewOffsetPreferenceKeyBootcamp.swift; sourceTree = "<group>"; };
		B1CA6252275E2A7100820867 /* AppTabbarView.swift */ = {isa = PBXFileReference; lastKnownFileType = sourcecode.swift; path = AppTabbarView.swift; sourceTree = "<group>"; };
		B1CA6254275E2DAA00820867 /* CustomTabbarView.swift */ = {isa = PBXFileReference; lastKnownFileType = sourcecode.swift; path = CustomTabbarView.swift; sourceTree = "<group>"; };
		B1CA6256275E364500820867 /* CustomTabbarContainerView.swift */ = {isa = PBXFileReference; lastKnownFileType = sourcecode.swift; path = CustomTabbarContainerView.swift; sourceTree = "<group>"; };
		B1CA6258275E3DD600820867 /* TabbarItemsPreferenceKey.swift */ = {isa = PBXFileReference; lastKnownFileType = sourcecode.swift; path = TabbarItemsPreferenceKey.swift; sourceTree = "<group>"; };
		B1CA625A275E425400820867 /* TabBarItem.swift */ = {isa = PBXFileReference; lastKnownFileType = sourcecode.swift; path = TabBarItem.swift; sourceTree = "<group>"; };
		B1CA625E275F30CF00820867 /* ZZTabBar.swift */ = {isa = PBXFileReference; lastKnownFileType = sourcecode.swift; path = ZZTabBar.swift; sourceTree = "<group>"; };
		B1CA6260275F31B400820867 /* ZZTabBarItem.swift */ = {isa = PBXFileReference; lastKnownFileType = sourcecode.swift; path = ZZTabBarItem.swift; sourceTree = "<group>"; };
		B1EB65B5279EA394007B0A8B /* UnitTestingBootcampView.swift */ = {isa = PBXFileReference; lastKnownFileType = sourcecode.swift; path = UnitTestingBootcampView.swift; sourceTree = "<group>"; };
		B1EB65B7279EA3AD007B0A8B /* UnitTestingBootcampViewModel.swift */ = {isa = PBXFileReference; lastKnownFileType = sourcecode.swift; path = UnitTestingBootcampViewModel.swift; sourceTree = "<group>"; };
		B1EB65B9279EA768007B0A8B /* UnitTestingBootcampViewModel_Tests.swift */ = {isa = PBXFileReference; lastKnownFileType = sourcecode.swift; path = UnitTestingBootcampViewModel_Tests.swift; sourceTree = "<group>"; };
		B1EBAF552764A18700621BC5 /* UIViewRepresentableBootcamp.swift */ = {isa = PBXFileReference; lastKnownFileType = sourcecode.swift; path = UIViewRepresentableBootcamp.swift; sourceTree = "<group>"; };
		B1F43B0B2754FE0700166360 /* ViewModifierBootcamp.swift */ = {isa = PBXFileReference; lastKnownFileType = sourcecode.swift; path = ViewModifierBootcamp.swift; sourceTree = "<group>"; };
		B1F43B0D2755057D00166360 /* ButtonStyleBootcamp.swift */ = {isa = PBXFileReference; lastKnownFileType = sourcecode.swift; path = ButtonStyleBootcamp.swift; sourceTree = "<group>"; };
		B1F43B0F2756133C00166360 /* AnyTransitionBootcamp.swift */ = {isa = PBXFileReference; lastKnownFileType = sourcecode.swift; path = AnyTransitionBootcamp.swift; sourceTree = "<group>"; };
		B1F43B112757908700166360 /* MatchedGeometryEffectBootcamp.swift */ = {isa = PBXFileReference; lastKnownFileType = sourcecode.swift; path = MatchedGeometryEffectBootcamp.swift; sourceTree = "<group>"; };
/* End PBXFileReference section */

/* Begin PBXFrameworksBuildPhase section */
		B1A578AD2754C9E200942395 /* Frameworks */ = {
			isa = PBXFrameworksBuildPhase;
			buildActionMask = 2147483647;
			files = (
			);
			runOnlyForDeploymentPostprocessing = 0;
		};
		B1A578BD2754C9E300942395 /* Frameworks */ = {
			isa = PBXFrameworksBuildPhase;
			buildActionMask = 2147483647;
			files = (
			);
			runOnlyForDeploymentPostprocessing = 0;
		};
		B1A578C72754C9E300942395 /* Frameworks */ = {
			isa = PBXFrameworksBuildPhase;
			buildActionMask = 2147483647;
			files = (
			);
			runOnlyForDeploymentPostprocessing = 0;
		};
/* End PBXFrameworksBuildPhase section */

/* Begin PBXGroup section */
		B12654892762376D00E07D26 /* CustomNavBar */ = {
			isa = PBXGroup;
			children = (
				B1AFA6F427621B480065444C /* AppNavBarView.swift */,
				B1265481276225DC00E07D26 /* CustomNavView.swift */,
				B12654852762290200E07D26 /* CustomNavLink.swift */,
				B126547D27621CE600E07D26 /* CustomNavBarView.swift */,
				B1265483276226F100E07D26 /* CustomNavBarContainerView.swift */,
				B126548727622BAB00E07D26 /* CustomNavBarPreferenceKey.swift */,
			);
			path = CustomNavBar;
			sourceTree = "<group>";
		};
		B1A578A72754C9E200942395 = {
			isa = PBXGroup;
			children = (
				B1A578B22754C9E200942395 /* SwiftfulThinkingAdvance */,
				B1A578C32754C9E300942395 /* SwiftfulThinkingAdvanceTests */,
				B1A578CD2754C9E300942395 /* SwiftfulThinkingAdvanceUITests */,
				B1A578B12754C9E200942395 /* Products */,
			);
			sourceTree = "<group>";
		};
		B1A578B12754C9E200942395 /* Products */ = {
			isa = PBXGroup;
			children = (
				B1A578B02754C9E200942395 /* SwiftfulThinkingAdvance.app */,
				B1A578C02754C9E300942395 /* SwiftfulThinkingAdvanceTests.xctest */,
				B1A578CA2754C9E300942395 /* SwiftfulThinkingAdvanceUITests.xctest */,
			);
			name = Products;
			sourceTree = "<group>";
		};
		B1A578B22754C9E200942395 /* SwiftfulThinkingAdvance */ = {
			isa = PBXGroup;
			children = (
				B1A578B32754C9E200942395 /* SwiftfulThinkingAdvanceApp.swift */,
				B1F43B0B2754FE0700166360 /* ViewModifierBootcamp.swift */,
				B1F43B0D2755057D00166360 /* ButtonStyleBootcamp.swift */,
				B1F43B0F2756133C00166360 /* AnyTransitionBootcamp.swift */,
				B1F43B112757908700166360 /* MatchedGeometryEffectBootcamp.swift */,
				B166C4492758ED4800C8B771 /* CustomShapesBootcamp.swift */,
				B166C44B2758F61300C8B771 /* CustomCurvesBootcamp.swift */,
				B166C44D275A3F2E00C8B771 /* AnimatableDataBootcamp.swift */,
				B166C44F275A4F0000C8B771 /* ViewBuilderBootcamp.swift */,
				B1CA624F275DEEBE00820867 /* PreferenceKeyBootcamp */,
				B1CA625C275F2ECC00820867 /* CustomTabbar */,
				B12654892762376D00E07D26 /* CustomNavBar */,
				B1EBAF552764A18700621BC5 /* UIViewRepresentableBootcamp.swift */,
				B1BCDD08277B2CF6002E5F4F /* UIViewControllerRepresentableBootcamp.swift */,
				B1BCDD0A277B3BC4002E5F4F /* ProtocolsBootcamp.swift */,
				B1BCDD0C277B47AD002E5F4F /* DependencyInjectionBootcamp.swift */,
				B1EB65B2279EA34E007B0A8B /* UnitTestingBootcamp */,
				B100B07D27A13E740040A9A7 /* UITestingBootcampView.swift */,
				B1A578B72754C9E300942395 /* Assets.xcassets */,
				B1A578B92754C9E300942395 /* Preview Content */,
			);
			path = SwiftfulThinkingAdvance;
			sourceTree = "<group>";
		};
		B1A578B92754C9E300942395 /* Preview Content */ = {
			isa = PBXGroup;
			children = (
				B1A578BA2754C9E300942395 /* Preview Assets.xcassets */,
			);
			path = "Preview Content";
			sourceTree = "<group>";
		};
		B1A578C32754C9E300942395 /* SwiftfulThinkingAdvanceTests */ = {
			isa = PBXGroup;
			children = (
				B1A578C42754C9E300942395 /* SwiftfulThinkingAdvanceTests.swift */,
				B1EB65B9279EA768007B0A8B /* UnitTestingBootcampViewModel_Tests.swift */,
				B100B07B27A131A90040A9A7 /* NewMockDataService_Tests.swift */,
			);
			path = SwiftfulThinkingAdvanceTests;
			sourceTree = "<group>";
		};
		B1A578CD2754C9E300942395 /* SwiftfulThinkingAdvanceUITests */ = {
			isa = PBXGroup;
			children = (
				B1A578CE2754C9E300942395 /* SwiftfulThinkingAdvanceUITests.swift */,
				B1C8834A27B0EC7B00097C20 /* UITestingBootcampView_UITests.swift */,
				B1A578D02754C9E300942395 /* SwiftfulThinkingAdvanceUITestsLaunchTests.swift */,
			);
			path = SwiftfulThinkingAdvanceUITests;
			sourceTree = "<group>";
		};
		B1CA624F275DEEBE00820867 /* PreferenceKeyBootcamp */ = {
			isa = PBXGroup;
			children = (
				B1CA624B275DE2AF00820867 /* PreferenceKeyBootcamp.swift */,
				B1CA624D275DEA5600820867 /* GeometryPreferenceKeyBootcamp.swift */,
				B1CA6250275DF13700820867 /* ScrollViewOffsetPreferenceKeyBootcamp.swift */,
			);
			path = PreferenceKeyBootcamp;
			sourceTree = "<group>";
		};
		B1CA625C275F2ECC00820867 /* CustomTabbar */ = {
			isa = PBXGroup;
			children = (
				B1CA625D275F2FD900820867 /* ZZVersion */,
				B1CA6252275E2A7100820867 /* AppTabbarView.swift */,
				B1CA6254275E2DAA00820867 /* CustomTabbarView.swift */,
				B1CA6256275E364500820867 /* CustomTabbarContainerView.swift */,
				B1CA6258275E3DD600820867 /* TabbarItemsPreferenceKey.swift */,
				B1CA625A275E425400820867 /* TabBarItem.swift */,
			);
			path = CustomTabbar;
			sourceTree = "<group>";
		};
		B1CA625D275F2FD900820867 /* ZZVersion */ = {
			isa = PBXGroup;
			children = (
				B1098B88275F376100E311AE /* ZZTabView.swift */,
				B1CA625E275F30CF00820867 /* ZZTabBar.swift */,
				B1CA6260275F31B400820867 /* ZZTabBarItem.swift */,
				B1098B8A275F39EF00E311AE /* ZZTabBarItemsPreferenceKey.swift */,
			);
			path = ZZVersion;
			sourceTree = "<group>";
		};
		B1EB65B2279EA34E007B0A8B /* UnitTestingBootcamp */ = {
			isa = PBXGroup;
			children = (
				B1EB65B5279EA394007B0A8B /* UnitTestingBootcampView.swift */,
				B1EB65B7279EA3AD007B0A8B /* UnitTestingBootcampViewModel.swift */,
				B100B07927A1315C0040A9A7 /* NewMockDataService.swift */,
			);
			path = UnitTestingBootcamp;
			sourceTree = "<group>";
		};
/* End PBXGroup section */

/* Begin PBXNativeTarget section */
		B1A578AF2754C9E200942395 /* SwiftfulThinkingAdvance */ = {
			isa = PBXNativeTarget;
			buildConfigurationList = B1A578D42754C9E300942395 /* Build configuration list for PBXNativeTarget "SwiftfulThinkingAdvance" */;
			buildPhases = (
				B1A578AC2754C9E200942395 /* Sources */,
				B1A578AD2754C9E200942395 /* Frameworks */,
				B1A578AE2754C9E200942395 /* Resources */,
			);
			buildRules = (
			);
			dependencies = (
			);
			name = SwiftfulThinkingAdvance;
			productName = SwiftfulThinkingAdvance;
			productReference = B1A578B02754C9E200942395 /* SwiftfulThinkingAdvance.app */;
			productType = "com.apple.product-type.application";
		};
		B1A578BF2754C9E300942395 /* SwiftfulThinkingAdvanceTests */ = {
			isa = PBXNativeTarget;
			buildConfigurationList = B1A578D72754C9E300942395 /* Build configuration list for PBXNativeTarget "SwiftfulThinkingAdvanceTests" */;
			buildPhases = (
				B1A578BC2754C9E300942395 /* Sources */,
				B1A578BD2754C9E300942395 /* Frameworks */,
				B1A578BE2754C9E300942395 /* Resources */,
			);
			buildRules = (
			);
			dependencies = (
				B1A578C22754C9E300942395 /* PBXTargetDependency */,
			);
			name = SwiftfulThinkingAdvanceTests;
			productName = SwiftfulThinkingAdvanceTests;
			productReference = B1A578C02754C9E300942395 /* SwiftfulThinkingAdvanceTests.xctest */;
			productType = "com.apple.product-type.bundle.unit-test";
		};
		B1A578C92754C9E300942395 /* SwiftfulThinkingAdvanceUITests */ = {
			isa = PBXNativeTarget;
			buildConfigurationList = B1A578DA2754C9E300942395 /* Build configuration list for PBXNativeTarget "SwiftfulThinkingAdvanceUITests" */;
			buildPhases = (
				B1A578C62754C9E300942395 /* Sources */,
				B1A578C72754C9E300942395 /* Frameworks */,
				B1A578C82754C9E300942395 /* Resources */,
			);
			buildRules = (
			);
			dependencies = (
				B1A578CC2754C9E300942395 /* PBXTargetDependency */,
			);
			name = SwiftfulThinkingAdvanceUITests;
			productName = SwiftfulThinkingAdvanceUITests;
			productReference = B1A578CA2754C9E300942395 /* SwiftfulThinkingAdvanceUITests.xctest */;
			productType = "com.apple.product-type.bundle.ui-testing";
		};
/* End PBXNativeTarget section */

/* Begin PBXProject section */
		B1A578A82754C9E200942395 /* Project object */ = {
			isa = PBXProject;
			attributes = {
				BuildIndependentTargetsInParallel = 1;
				LastSwiftUpdateCheck = 1310;
				LastUpgradeCheck = 1310;
				TargetAttributes = {
					B1A578AF2754C9E200942395 = {
						CreatedOnToolsVersion = 13.1;
					};
					B1A578BF2754C9E300942395 = {
						CreatedOnToolsVersion = 13.1;
						TestTargetID = B1A578AF2754C9E200942395;
					};
					B1A578C92754C9E300942395 = {
						CreatedOnToolsVersion = 13.1;
						TestTargetID = B1A578AF2754C9E200942395;
					};
				};
			};
			buildConfigurationList = B1A578AB2754C9E200942395 /* Build configuration list for PBXProject "SwiftfulThinkingAdvance" */;
			compatibilityVersion = "Xcode 13.0";
			developmentRegion = en;
			hasScannedForEncodings = 0;
			knownRegions = (
				en,
				Base,
			);
			mainGroup = B1A578A72754C9E200942395;
			productRefGroup = B1A578B12754C9E200942395 /* Products */;
			projectDirPath = "";
			projectRoot = "";
			targets = (
				B1A578AF2754C9E200942395 /* SwiftfulThinkingAdvance */,
				B1A578BF2754C9E300942395 /* SwiftfulThinkingAdvanceTests */,
				B1A578C92754C9E300942395 /* SwiftfulThinkingAdvanceUITests */,
			);
		};
/* End PBXProject section */

/* Begin PBXResourcesBuildPhase section */
		B1A578AE2754C9E200942395 /* Resources */ = {
			isa = PBXResourcesBuildPhase;
			buildActionMask = 2147483647;
			files = (
				B1A578BB2754C9E300942395 /* Preview Assets.xcassets in Resources */,
				B1A578B82754C9E300942395 /* Assets.xcassets in Resources */,
			);
			runOnlyForDeploymentPostprocessing = 0;
		};
		B1A578BE2754C9E300942395 /* Resources */ = {
			isa = PBXResourcesBuildPhase;
			buildActionMask = 2147483647;
			files = (
			);
			runOnlyForDeploymentPostprocessing = 0;
		};
		B1A578C82754C9E300942395 /* Resources */ = {
			isa = PBXResourcesBuildPhase;
			buildActionMask = 2147483647;
			files = (
			);
			runOnlyForDeploymentPostprocessing = 0;
		};
/* End PBXResourcesBuildPhase section */

/* Begin PBXSourcesBuildPhase section */
		B1A578AC2754C9E200942395 /* Sources */ = {
			isa = PBXSourcesBuildPhase;
			buildActionMask = 2147483647;
			files = (
				B12654862762290200E07D26 /* CustomNavLink.swift in Sources */,
				B1CA6251275DF13700820867 /* ScrollViewOffsetPreferenceKeyBootcamp.swift in Sources */,
				B1BCDD0D277B47AD002E5F4F /* DependencyInjectionBootcamp.swift in Sources */,
				B1F43B0E2755057D00166360 /* ButtonStyleBootcamp.swift in Sources */,
				B126548827622BAB00E07D26 /* CustomNavBarPreferenceKey.swift in Sources */,
				B1F43B0C2754FE0700166360 /* ViewModifierBootcamp.swift in Sources */,
				B1EB65B8279EA3AD007B0A8B /* UnitTestingBootcampViewModel.swift in Sources */,
				B126547E27621CE600E07D26 /* CustomNavBarView.swift in Sources */,
				B1F43B102756133C00166360 /* AnyTransitionBootcamp.swift in Sources */,
				B1098B89275F376100E311AE /* ZZTabView.swift in Sources */,
				B1CA6253275E2A7100820867 /* AppTabbarView.swift in Sources */,
				B1098B8B275F39EF00E311AE /* ZZTabBarItemsPreferenceKey.swift in Sources */,
				B1CA625F275F30CF00820867 /* ZZTabBar.swift in Sources */,
				B1BCDD09277B2CF6002E5F4F /* UIViewControllerRepresentableBootcamp.swift in Sources */,
				B1AFA6F527621B480065444C /* AppNavBarView.swift in Sources */,
				B1CA624C275DE2AF00820867 /* PreferenceKeyBootcamp.swift in Sources */,
				B1BCDD0B277B3BC4002E5F4F /* ProtocolsBootcamp.swift in Sources */,
				B1265484276226F100E07D26 /* CustomNavBarContainerView.swift in Sources */,
				B1A578B42754C9E200942395 /* SwiftfulThinkingAdvanceApp.swift in Sources */,
				B100B07E27A13E740040A9A7 /* UITestingBootcampView.swift in Sources */,
				B166C44E275A3F2E00C8B771 /* AnimatableDataBootcamp.swift in Sources */,
				B1CA625B275E425400820867 /* TabBarItem.swift in Sources */,
				B166C450275A4F0000C8B771 /* ViewBuilderBootcamp.swift in Sources */,
				B1CA6257275E364500820867 /* CustomTabbarContainerView.swift in Sources */,
				B1CA624E275DEA5600820867 /* GeometryPreferenceKeyBootcamp.swift in Sources */,
				B1265482276225DC00E07D26 /* CustomNavView.swift in Sources */,
				B1F43B122757908700166360 /* MatchedGeometryEffectBootcamp.swift in Sources */,
				B100B07A27A1315C0040A9A7 /* NewMockDataService.swift in Sources */,
				B1CA6255275E2DAA00820867 /* CustomTabbarView.swift in Sources */,
				B166C44A2758ED4800C8B771 /* CustomShapesBootcamp.swift in Sources */,
				B1CA6261275F31B400820867 /* ZZTabBarItem.swift in Sources */,
				B166C44C2758F61300C8B771 /* CustomCurvesBootcamp.swift in Sources */,
				B1EBAF562764A18700621BC5 /* UIViewRepresentableBootcamp.swift in Sources */,
				B1CA6259275E3DD600820867 /* TabbarItemsPreferenceKey.swift in Sources */,
				B1EB65B6279EA394007B0A8B /* UnitTestingBootcampView.swift in Sources */,
			);
			runOnlyForDeploymentPostprocessing = 0;
		};
		B1A578BC2754C9E300942395 /* Sources */ = {
			isa = PBXSourcesBuildPhase;
			buildActionMask = 2147483647;
			files = (
				B1EB65BA279EA768007B0A8B /* UnitTestingBootcampViewModel_Tests.swift in Sources */,
				B1A578C52754C9E300942395 /* SwiftfulThinkingAdvanceTests.swift in Sources */,
				B100B07C27A131A90040A9A7 /* NewMockDataService_Tests.swift in Sources */,
			);
			runOnlyForDeploymentPostprocessing = 0;
		};
		B1A578C62754C9E300942395 /* Sources */ = {
			isa = PBXSourcesBuildPhase;
			buildActionMask = 2147483647;
			files = (
				B1A578CF2754C9E300942395 /* SwiftfulThinkingAdvanceUITests.swift in Sources */,
				B1C8834B27B0EC7B00097C20 /* UITestingBootcampView_UITests.swift in Sources */,
				B1A578D12754C9E300942395 /* SwiftfulThinkingAdvanceUITestsLaunchTests.swift in Sources */,
			);
			runOnlyForDeploymentPostprocessing = 0;
		};
/* End PBXSourcesBuildPhase section */

/* Begin PBXTargetDependency section */
		B1A578C22754C9E300942395 /* PBXTargetDependency */ = {
			isa = PBXTargetDependency;
			target = B1A578AF2754C9E200942395 /* SwiftfulThinkingAdvance */;
			targetProxy = B1A578C12754C9E300942395 /* PBXContainerItemProxy */;
		};
		B1A578CC2754C9E300942395 /* PBXTargetDependency */ = {
			isa = PBXTargetDependency;
			target = B1A578AF2754C9E200942395 /* SwiftfulThinkingAdvance */;
			targetProxy = B1A578CB2754C9E300942395 /* PBXContainerItemProxy */;
		};
/* End PBXTargetDependency section */

/* Begin XCBuildConfiguration section */
		B1A578D22754C9E300942395 /* Debug */ = {
			isa = XCBuildConfiguration;
			buildSettings = {
				ALWAYS_SEARCH_USER_PATHS = NO;
				CLANG_ANALYZER_NONNULL = YES;
				CLANG_ANALYZER_NUMBER_OBJECT_CONVERSION = YES_AGGRESSIVE;
				CLANG_CXX_LANGUAGE_STANDARD = "gnu++17";
				CLANG_CXX_LIBRARY = "libc++";
				CLANG_ENABLE_MODULES = YES;
				CLANG_ENABLE_OBJC_ARC = YES;
				CLANG_ENABLE_OBJC_WEAK = YES;
				CLANG_WARN_BLOCK_CAPTURE_AUTORELEASING = YES;
				CLANG_WARN_BOOL_CONVERSION = YES;
				CLANG_WARN_COMMA = YES;
				CLANG_WARN_CONSTANT_CONVERSION = YES;
				CLANG_WARN_DEPRECATED_OBJC_IMPLEMENTATIONS = YES;
				CLANG_WARN_DIRECT_OBJC_ISA_USAGE = YES_ERROR;
				CLANG_WARN_DOCUMENTATION_COMMENTS = YES;
				CLANG_WARN_EMPTY_BODY = YES;
				CLANG_WARN_ENUM_CONVERSION = YES;
				CLANG_WARN_INFINITE_RECURSION = YES;
				CLANG_WARN_INT_CONVERSION = YES;
				CLANG_WARN_NON_LITERAL_NULL_CONVERSION = YES;
				CLANG_WARN_OBJC_IMPLICIT_RETAIN_SELF = YES;
				CLANG_WARN_OBJC_LITERAL_CONVERSION = YES;
				CLANG_WARN_OBJC_ROOT_CLASS = YES_ERROR;
				CLANG_WARN_QUOTED_INCLUDE_IN_FRAMEWORK_HEADER = YES;
				CLANG_WARN_RANGE_LOOP_ANALYSIS = YES;
				CLANG_WARN_STRICT_PROTOTYPES = YES;
				CLANG_WARN_SUSPICIOUS_MOVE = YES;
				CLANG_WARN_UNGUARDED_AVAILABILITY = YES_AGGRESSIVE;
				CLANG_WARN_UNREACHABLE_CODE = YES;
				CLANG_WARN__DUPLICATE_METHOD_MATCH = YES;
				COPY_PHASE_STRIP = NO;
				DEBUG_INFORMATION_FORMAT = dwarf;
				ENABLE_STRICT_OBJC_MSGSEND = YES;
				ENABLE_TESTABILITY = YES;
				GCC_C_LANGUAGE_STANDARD = gnu11;
				GCC_DYNAMIC_NO_PIC = NO;
				GCC_NO_COMMON_BLOCKS = YES;
				GCC_OPTIMIZATION_LEVEL = 0;
				GCC_PREPROCESSOR_DEFINITIONS = (
					"DEBUG=1",
					"$(inherited)",
				);
				GCC_WARN_64_TO_32_BIT_CONVERSION = YES;
				GCC_WARN_ABOUT_RETURN_TYPE = YES_ERROR;
				GCC_WARN_UNDECLARED_SELECTOR = YES;
				GCC_WARN_UNINITIALIZED_AUTOS = YES_AGGRESSIVE;
				GCC_WARN_UNUSED_FUNCTION = YES;
				GCC_WARN_UNUSED_VARIABLE = YES;
				IPHONEOS_DEPLOYMENT_TARGET = 15.0;
				MTL_ENABLE_DEBUG_INFO = INCLUDE_SOURCE;
				MTL_FAST_MATH = YES;
				ONLY_ACTIVE_ARCH = YES;
				SDKROOT = iphoneos;
				SWIFT_ACTIVE_COMPILATION_CONDITIONS = DEBUG;
				SWIFT_OPTIMIZATION_LEVEL = "-Onone";
			};
			name = Debug;
		};
		B1A578D32754C9E300942395 /* Release */ = {
			isa = XCBuildConfiguration;
			buildSettings = {
				ALWAYS_SEARCH_USER_PATHS = NO;
				CLANG_ANALYZER_NONNULL = YES;
				CLANG_ANALYZER_NUMBER_OBJECT_CONVERSION = YES_AGGRESSIVE;
				CLANG_CXX_LANGUAGE_STANDARD = "gnu++17";
				CLANG_CXX_LIBRARY = "libc++";
				CLANG_ENABLE_MODULES = YES;
				CLANG_ENABLE_OBJC_ARC = YES;
				CLANG_ENABLE_OBJC_WEAK = YES;
				CLANG_WARN_BLOCK_CAPTURE_AUTORELEASING = YES;
				CLANG_WARN_BOOL_CONVERSION = YES;
				CLANG_WARN_COMMA = YES;
				CLANG_WARN_CONSTANT_CONVERSION = YES;
				CLANG_WARN_DEPRECATED_OBJC_IMPLEMENTATIONS = YES;
				CLANG_WARN_DIRECT_OBJC_ISA_USAGE = YES_ERROR;
				CLANG_WARN_DOCUMENTATION_COMMENTS = YES;
				CLANG_WARN_EMPTY_BODY = YES;
				CLANG_WARN_ENUM_CONVERSION = YES;
				CLANG_WARN_INFINITE_RECURSION = YES;
				CLANG_WARN_INT_CONVERSION = YES;
				CLANG_WARN_NON_LITERAL_NULL_CONVERSION = YES;
				CLANG_WARN_OBJC_IMPLICIT_RETAIN_SELF = YES;
				CLANG_WARN_OBJC_LITERAL_CONVERSION = YES;
				CLANG_WARN_OBJC_ROOT_CLASS = YES_ERROR;
				CLANG_WARN_QUOTED_INCLUDE_IN_FRAMEWORK_HEADER = YES;
				CLANG_WARN_RANGE_LOOP_ANALYSIS = YES;
				CLANG_WARN_STRICT_PROTOTYPES = YES;
				CLANG_WARN_SUSPICIOUS_MOVE = YES;
				CLANG_WARN_UNGUARDED_AVAILABILITY = YES_AGGRESSIVE;
				CLANG_WARN_UNREACHABLE_CODE = YES;
				CLANG_WARN__DUPLICATE_METHOD_MATCH = YES;
				COPY_PHASE_STRIP = NO;
				DEBUG_INFORMATION_FORMAT = "dwarf-with-dsym";
				ENABLE_NS_ASSERTIONS = NO;
				ENABLE_STRICT_OBJC_MSGSEND = YES;
				GCC_C_LANGUAGE_STANDARD = gnu11;
				GCC_NO_COMMON_BLOCKS = YES;
				GCC_WARN_64_TO_32_BIT_CONVERSION = YES;
				GCC_WARN_ABOUT_RETURN_TYPE = YES_ERROR;
				GCC_WARN_UNDECLARED_SELECTOR = YES;
				GCC_WARN_UNINITIALIZED_AUTOS = YES_AGGRESSIVE;
				GCC_WARN_UNUSED_FUNCTION = YES;
				GCC_WARN_UNUSED_VARIABLE = YES;
				IPHONEOS_DEPLOYMENT_TARGET = 15.0;
				MTL_ENABLE_DEBUG_INFO = NO;
				MTL_FAST_MATH = YES;
				SDKROOT = iphoneos;
				SWIFT_COMPILATION_MODE = wholemodule;
				SWIFT_OPTIMIZATION_LEVEL = "-O";
				VALIDATE_PRODUCT = YES;
			};
			name = Release;
		};
		B1A578D52754C9E300942395 /* Debug */ = {
			isa = XCBuildConfiguration;
			buildSettings = {
				ASSETCATALOG_COMPILER_APPICON_NAME = AppIcon;
				ASSETCATALOG_COMPILER_GLOBAL_ACCENT_COLOR_NAME = AccentColor;
				CODE_SIGN_STYLE = Automatic;
				CURRENT_PROJECT_VERSION = 1;
				DEVELOPMENT_ASSET_PATHS = "\"SwiftfulThinkingAdvance/Preview Content\"";
				DEVELOPMENT_TEAM = 3Q44Z5857F;
				ENABLE_PREVIEWS = YES;
				GENERATE_INFOPLIST_FILE = YES;
				INFOPLIST_KEY_NSPhotoLibraryUsageDescription = "Photo Library Usage!!!";
				INFOPLIST_KEY_UIApplicationSceneManifest_Generation = YES;
				INFOPLIST_KEY_UIApplicationSupportsIndirectInputEvents = YES;
				INFOPLIST_KEY_UILaunchScreen_Generation = YES;
				INFOPLIST_KEY_UISupportedInterfaceOrientations_iPad = "UIInterfaceOrientationPortrait UIInterfaceOrientationPortraitUpsideDown UIInterfaceOrientationLandscapeLeft UIInterfaceOrientationLandscapeRight";
				INFOPLIST_KEY_UISupportedInterfaceOrientations_iPhone = "UIInterfaceOrientationPortrait UIInterfaceOrientationLandscapeLeft UIInterfaceOrientationLandscapeRight";
				LD_RUNPATH_SEARCH_PATHS = (
					"$(inherited)",
					"@executable_path/Frameworks",
				);
				MARKETING_VERSION = 1.0;
				PRODUCT_BUNDLE_IDENTIFIER = com.quvideo.SwiftfulThinkingAdvance;
				PRODUCT_NAME = "$(TARGET_NAME)";
				SWIFT_EMIT_LOC_STRINGS = YES;
				SWIFT_VERSION = 5.0;
				TARGETED_DEVICE_FAMILY = "1,2";
			};
			name = Debug;
		};
		B1A578D62754C9E300942395 /* Release */ = {
			isa = XCBuildConfiguration;
			buildSettings = {
				ASSETCATALOG_COMPILER_APPICON_NAME = AppIcon;
				ASSETCATALOG_COMPILER_GLOBAL_ACCENT_COLOR_NAME = AccentColor;
				CODE_SIGN_STYLE = Automatic;
				CURRENT_PROJECT_VERSION = 1;
				DEVELOPMENT_ASSET_PATHS = "\"SwiftfulThinkingAdvance/Preview Content\"";
				DEVELOPMENT_TEAM = 3Q44Z5857F;
				ENABLE_PREVIEWS = YES;
				GENERATE_INFOPLIST_FILE = YES;
				INFOPLIST_KEY_NSPhotoLibraryUsageDescription = "Photo Library Usage!!!";
				INFOPLIST_KEY_UIApplicationSceneManifest_Generation = YES;
				INFOPLIST_KEY_UIApplicationSupportsIndirectInputEvents = YES;
				INFOPLIST_KEY_UILaunchScreen_Generation = YES;
				INFOPLIST_KEY_UISupportedInterfaceOrientations_iPad = "UIInterfaceOrientationPortrait UIInterfaceOrientationPortraitUpsideDown UIInterfaceOrientationLandscapeLeft UIInterfaceOrientationLandscapeRight";
				INFOPLIST_KEY_UISupportedInterfaceOrientations_iPhone = "UIInterfaceOrientationPortrait UIInterfaceOrientationLandscapeLeft UIInterfaceOrientationLandscapeRight";
				LD_RUNPATH_SEARCH_PATHS = (
					"$(inherited)",
					"@executable_path/Frameworks",
				);
				MARKETING_VERSION = 1.0;
				PRODUCT_BUNDLE_IDENTIFIER = com.quvideo.SwiftfulThinkingAdvance;
				PRODUCT_NAME = "$(TARGET_NAME)";
				SWIFT_EMIT_LOC_STRINGS = YES;
				SWIFT_VERSION = 5.0;
				TARGETED_DEVICE_FAMILY = "1,2";
			};
			name = Release;
		};
		B1A578D82754C9E300942395 /* Debug */ = {
			isa = XCBuildConfiguration;
			buildSettings = {
				ALWAYS_EMBED_SWIFT_STANDARD_LIBRARIES = YES;
				BUNDLE_LOADER = "$(TEST_HOST)";
				CODE_SIGN_STYLE = Automatic;
				CURRENT_PROJECT_VERSION = 1;
				DEVELOPMENT_TEAM = 3Q44Z5857F;
				GENERATE_INFOPLIST_FILE = YES;
				IPHONEOS_DEPLOYMENT_TARGET = 15.0;
				LD_RUNPATH_SEARCH_PATHS = (
					"$(inherited)",
					"@executable_path/Frameworks",
					"@loader_path/Frameworks",
				);
				MARKETING_VERSION = 1.0;
				PRODUCT_BUNDLE_IDENTIFIER = com.quvideo.SwiftfulThinkingAdvanceTests;
				PRODUCT_NAME = "$(TARGET_NAME)";
				SWIFT_EMIT_LOC_STRINGS = NO;
				SWIFT_VERSION = 5.0;
				TARGETED_DEVICE_FAMILY = "1,2";
				TEST_HOST = "$(BUILT_PRODUCTS_DIR)/SwiftfulThinkingAdvance.app/SwiftfulThinkingAdvance";
			};
			name = Debug;
		};
		B1A578D92754C9E300942395 /* Release */ = {
			isa = XCBuildConfiguration;
			buildSettings = {
				ALWAYS_EMBED_SWIFT_STANDARD_LIBRARIES = YES;
				BUNDLE_LOADER = "$(TEST_HOST)";
				CODE_SIGN_STYLE = Automatic;
				CURRENT_PROJECT_VERSION = 1;
				DEVELOPMENT_TEAM = 3Q44Z5857F;
				GENERATE_INFOPLIST_FILE = YES;
				IPHONEOS_DEPLOYMENT_TARGET = 15.0;
				LD_RUNPATH_SEARCH_PATHS = (
					"$(inherited)",
					"@executable_path/Frameworks",
					"@loader_path/Frameworks",
				);
				MARKETING_VERSION = 1.0;
				PRODUCT_BUNDLE_IDENTIFIER = com.quvideo.SwiftfulThinkingAdvanceTests;
				PRODUCT_NAME = "$(TARGET_NAME)";
				SWIFT_EMIT_LOC_STRINGS = NO;
				SWIFT_VERSION = 5.0;
				TARGETED_DEVICE_FAMILY = "1,2";
				TEST_HOST = "$(BUILT_PRODUCTS_DIR)/SwiftfulThinkingAdvance.app/SwiftfulThinkingAdvance";
			};
			name = Release;
		};
		B1A578DB2754C9E300942395 /* Debug */ = {
			isa = XCBuildConfiguration;
			buildSettings = {
				ALWAYS_EMBED_SWIFT_STANDARD_LIBRARIES = YES;
				CODE_SIGN_STYLE = Automatic;
				CURRENT_PROJECT_VERSION = 1;
				DEVELOPMENT_TEAM = 3Q44Z5857F;
				GENERATE_INFOPLIST_FILE = YES;
				LD_RUNPATH_SEARCH_PATHS = (
					"$(inherited)",
					"@executable_path/Frameworks",
					"@loader_path/Frameworks",
				);
				MARKETING_VERSION = 1.0;
				PRODUCT_BUNDLE_IDENTIFIER = com.quvideo.SwiftfulThinkingAdvanceUITests;
				PRODUCT_NAME = "$(TARGET_NAME)";
				SWIFT_EMIT_LOC_STRINGS = NO;
				SWIFT_VERSION = 5.0;
				TARGETED_DEVICE_FAMILY = "1,2";
				TEST_TARGET_NAME = SwiftfulThinkingAdvance;
			};
			name = Debug;
		};
		B1A578DC2754C9E300942395 /* Release */ = {
			isa = XCBuildConfiguration;
			buildSettings = {
				ALWAYS_EMBED_SWIFT_STANDARD_LIBRARIES = YES;
				CODE_SIGN_STYLE = Automatic;
				CURRENT_PROJECT_VERSION = 1;
				DEVELOPMENT_TEAM = 3Q44Z5857F;
				GENERATE_INFOPLIST_FILE = YES;
				LD_RUNPATH_SEARCH_PATHS = (
					"$(inherited)",
					"@executable_path/Frameworks",
					"@loader_path/Frameworks",
				);
				MARKETING_VERSION = 1.0;
				PRODUCT_BUNDLE_IDENTIFIER = com.quvideo.SwiftfulThinkingAdvanceUITests;
				PRODUCT_NAME = "$(TARGET_NAME)";
				SWIFT_EMIT_LOC_STRINGS = NO;
				SWIFT_VERSION = 5.0;
				TARGETED_DEVICE_FAMILY = "1,2";
				TEST_TARGET_NAME = SwiftfulThinkingAdvance;
			};
			name = Release;
		};
/* End XCBuildConfiguration section */

/* Begin XCConfigurationList section */
		B1A578AB2754C9E200942395 /* Build configuration list for PBXProject "SwiftfulThinkingAdvance" */ = {
			isa = XCConfigurationList;
			buildConfigurations = (
				B1A578D22754C9E300942395 /* Debug */,
				B1A578D32754C9E300942395 /* Release */,
			);
			defaultConfigurationIsVisible = 0;
			defaultConfigurationName = Release;
		};
		B1A578D42754C9E300942395 /* Build configuration list for PBXNativeTarget "SwiftfulThinkingAdvance" */ = {
			isa = XCConfigurationList;
			buildConfigurations = (
				B1A578D52754C9E300942395 /* Debug */,
				B1A578D62754C9E300942395 /* Release */,
			);
			defaultConfigurationIsVisible = 0;
			defaultConfigurationName = Release;
		};
		B1A578D72754C9E300942395 /* Build configuration list for PBXNativeTarget "SwiftfulThinkingAdvanceTests" */ = {
			isa = XCConfigurationList;
			buildConfigurations = (
				B1A578D82754C9E300942395 /* Debug */,
				B1A578D92754C9E300942395 /* Release */,
			);
			defaultConfigurationIsVisible = 0;
			defaultConfigurationName = Release;
		};
		B1A578DA2754C9E300942395 /* Build configuration list for PBXNativeTarget "SwiftfulThinkingAdvanceUITests" */ = {
			isa = XCConfigurationList;
			buildConfigurations = (
				B1A578DB2754C9E300942395 /* Debug */,
				B1A578DC2754C9E300942395 /* Release */,
			);
			defaultConfigurationIsVisible = 0;
			defaultConfigurationName = Release;
		};
/* End XCConfigurationList section */
	};
	rootObject = B1A578A82754C9E200942395 /* Project object */;
}
